// !$*UTF8*$!
{
	archiveVersion = 1;
	classes = {
	};
	objectVersion = 56;
	objects = {

/* Begin PBXBuildFile section */
		027438863A460154E4E119A3 /* WriteArticleScreen.swift in Sources */ = {isa = PBXBuildFile; fileRef = DFBD645422CF03ACF310A9EF /* WriteArticleScreen.swift */; };
		08FA9CCEC9D33C670C228105 /* joppy2Tests.swift in Sources */ = {isa = PBXBuildFile; fileRef = EF45648FFB0F931E32CD7823 /* joppy2Tests.swift */; };
		0B19546A334EA74545720688 /* Publisher.swift in Sources */ = {isa = PBXBuildFile; fileRef = D9EC88FA42DEB6D981551F9E /* Publisher.swift */; };
		2453A5F6AA220EF079D016A4 /* AuthProtocol.swift in Sources */ = {isa = PBXBuildFile; fileRef = 652732CF594935526D307940 /* AuthProtocol.swift */; };
		24AB3568A9C6163B3A1BC204 /* FirebaseStorage in Frameworks */ = {isa = PBXBuildFile; productRef = A7AFA7CA21A9F5125F9C2A3F /* FirebaseStorage */; };
		24C8A27A9C3B7614E84859BB /* ProfileScreen.swift in Sources */ = {isa = PBXBuildFile; fileRef = B4A4282D323C976CE707E60E /* ProfileScreen.swift */; };
		2FD18C6036B270A1FCE68559 /* GoogleService-Info.plist in Resources */ = {isa = PBXBuildFile; fileRef = F24B9B6DBF2B0C2C96F6B52A /* GoogleService-Info.plist */; };
		30D8B8FD35017DCB36F4E710 /* Assets.xcassets in Resources */ = {isa = PBXBuildFile; fileRef = A66C3352454BF9129A24DE6F /* Assets.xcassets */; };
		3B030CE72D9FB8DBE2D564DF /* FirebaseFirestoreSwift in Frameworks */ = {isa = PBXBuildFile; productRef = 4177A471124CCEC7F92E3A28 /* FirebaseFirestoreSwift */; };
		4C8104FE47B39C9B2A3E61D4 /* Coupon.swift in Sources */ = {isa = PBXBuildFile; fileRef = CAEA2AB08978154149F812CF /* Coupon.swift */; };
		593BEBFB0EBBF0C01AD64030 /* OrganizationScreen.swift in Sources */ = {isa = PBXBuildFile; fileRef = 439D8E71250128A00D98482A /* OrganizationScreen.swift */; };
		5C203FB587DE12E6D5356C0E /* FirebaseFirestore in Frameworks */ = {isa = PBXBuildFile; productRef = 9E59B9877D92651C24A16523 /* FirebaseFirestore */; };
		5C862D9D8226E30E9809F25C /* UseCouponScreen.swift in Sources */ = {isa = PBXBuildFile; fileRef = 83EB9588D0FB978C7F325432 /* UseCouponScreen.swift */; };
		5E3C65108641E47521F871B3 /* Preview Assets.xcassets in Resources */ = {isa = PBXBuildFile; fileRef = 8D468CCE09E707764766DDFB /* Preview Assets.xcassets */; };
		6202697D08F23CCDCB38755B /* joppy2UITests.swift in Sources */ = {isa = PBXBuildFile; fileRef = B0E4FE3D92DB1416683BD895 /* joppy2UITests.swift */; };
		657A7590294114D7EA57F221 /* Haptics.swift in Sources */ = {isa = PBXBuildFile; fileRef = FC7A836F8A2506FD57EC098A /* Haptics.swift */; };
		6722BAEAE5C259EDEF25A1FB /* LoginController.swift in Sources */ = {isa = PBXBuildFile; fileRef = 7307E4A8F165A20AEB8C645E /* LoginController.swift */; };
		7C2787BA96F21E7D5CCA2471 /* FirebaseAuth in Frameworks */ = {isa = PBXBuildFile; productRef = AAEB10DD03C053F62DDB30DF /* FirebaseAuth */; };
		831C22DAA9872F3F56328229 /* AuthViewModel.swift in Sources */ = {isa = PBXBuildFile; fileRef = 647E97777F216FE4388A49B6 /* AuthViewModel.swift */; };
		8FAED91D0946135B4E760193 /* ProfileController.swift in Sources */ = {isa = PBXBuildFile; fileRef = 0CA9C11B57329EAFCE726660 /* ProfileController.swift */; };
		9074F3A6D2AFAA3B8D0484AC /* HomeScreen.swift in Sources */ = {isa = PBXBuildFile; fileRef = 4548B3A3883EDE9A363813D4 /* HomeScreen.swift */; };
		94A62526A60F5EE426ECA24D /* LoginScreen.swift in Sources */ = {isa = PBXBuildFile; fileRef = 382F94E4DFC114C37CEC7EC1 /* LoginScreen.swift */; };
		9A4131CC364546E903618FF1 /* SignUpScreen.swift in Sources */ = {isa = PBXBuildFile; fileRef = 399E8EF20EDB2325B770DABB /* SignUpScreen.swift */; };
		AB9C1B827B2422AEE93CC4CC /* project.yml in Resources */ = {isa = PBXBuildFile; fileRef = A23BADF6082DDBB13D2415D8 /* project.yml */; };
		B969A0FCF7EFDC4F8BB6256C /* joppy2App.swift in Sources */ = {isa = PBXBuildFile; fileRef = 28B8B5867A53C634BF8598ED /* joppy2App.swift */; };
		DEF44B7CCEF1A4BDB1E635DB /* EventScreen.swift in Sources */ = {isa = PBXBuildFile; fileRef = EA26A45379FD7B14E3687E52 /* EventScreen.swift */; };
		E19F954570A20F4F2995C371 /* SignUpController.swift in Sources */ = {isa = PBXBuildFile; fileRef = 0281EB51DB7C3D9DBCC95751 /* SignUpController.swift */; };
		E5F0A8B776B9A8567AC89B6B /* UserInfo.swift in Sources */ = {isa = PBXBuildFile; fileRef = 6DCA26E1FF477CB97714D019 /* UserInfo.swift */; };
		EB711D41776EEA2A0A3A3B7F /* CustomButton.swift in Sources */ = {isa = PBXBuildFile; fileRef = C9C50136A3CB12261ED16664 /* CustomButton.swift */; };
		EC602ED3533F0E8C63A1613E /* .swiftlint.yml in Resources */ = {isa = PBXBuildFile; fileRef = 524666B4ACC20C5D53E09572 /* .swiftlint.yml */; };
		ED5C81022B4B497AB47A0EED /* ProfileCreateScreen.swift in Sources */ = {isa = PBXBuildFile; fileRef = 163C005F06A48579DD40D872 /* ProfileCreateScreen.swift */; };
		F3877D00161947B128007750 /* PersonalScreen.swift in Sources */ = {isa = PBXBuildFile; fileRef = EBB0617A09FD75853EEC79BC /* PersonalScreen.swift */; };
		FC3D961B01C3CF2D20F51AB4 /* joppy2UITestsLaunchTests.swift in Sources */ = {isa = PBXBuildFile; fileRef = F6F740CF781C5B10D626ACC8 /* joppy2UITestsLaunchTests.swift */; };
		FF66A3C22BA6C3B800A4D12C /* ProfileEditScreen.swift in Sources */ = {isa = PBXBuildFile; fileRef = FF66A3C12BA6C3B800A4D12C /* ProfileEditScreen.swift */; };
		FF66A3C42BA6C62600A4D12C /* SendCoupon.swift in Sources */ = {isa = PBXBuildFile; fileRef = FF66A3C32BA6C62600A4D12C /* SendCoupon.swift */; };
		FF66A3C62BA7157800A4D12C /* CouponController.swift in Sources */ = {isa = PBXBuildFile; fileRef = FF66A3C52BA7157800A4D12C /* CouponController.swift */; };
		FF66A3C82BA7298100A4D12C /* Article.swift in Sources */ = {isa = PBXBuildFile; fileRef = FF66A3C72BA7298100A4D12C /* Article.swift */; };
/* End PBXBuildFile section */

/* Begin PBXContainerItemProxy section */
		95EE63B1D2C0F43FA6C1923F /* PBXContainerItemProxy */ = {
			isa = PBXContainerItemProxy;
			containerPortal = 40C95BFDDF6B73E4C6B407FB /* Project object */;
			proxyType = 1;
			remoteGlobalIDString = 825C71BF811C5060C112B128;
			remoteInfo = joppy2;
		};
/* End PBXContainerItemProxy section */

/* Begin PBXFileReference section */
		0281EB51DB7C3D9DBCC95751 /* SignUpController.swift */ = {isa = PBXFileReference; lastKnownFileType = sourcecode.swift; path = SignUpController.swift; sourceTree = "<group>"; };
		0CA9C11B57329EAFCE726660 /* ProfileController.swift */ = {isa = PBXFileReference; lastKnownFileType = sourcecode.swift; path = ProfileController.swift; sourceTree = "<group>"; };
		10FF7D202A42A33200331063 /* .swift-version */ = {isa = PBXFileReference; lastKnownFileType = text; path = ".swift-version"; sourceTree = "<group>"; };
		163C005F06A48579DD40D872 /* ProfileCreateScreen.swift */ = {isa = PBXFileReference; lastKnownFileType = sourcecode.swift; path = ProfileCreateScreen.swift; sourceTree = "<group>"; };
		1EB53A09C674DCC1A82309B1 /* .gitignore */ = {isa = PBXFileReference; lastKnownFileType = text; path = .gitignore; sourceTree = "<group>"; };
		28B8B5867A53C634BF8598ED /* joppy2App.swift */ = {isa = PBXFileReference; lastKnownFileType = sourcecode.swift; path = joppy2App.swift; sourceTree = "<group>"; };
		35AF7A000DBFD121CB9569A7 /* joppy2UITests.xctest */ = {isa = PBXFileReference; includeInIndex = 0; lastKnownFileType = wrapper.cfbundle; path = joppy2UITests.xctest; sourceTree = BUILT_PRODUCTS_DIR; };
		382F94E4DFC114C37CEC7EC1 /* LoginScreen.swift */ = {isa = PBXFileReference; lastKnownFileType = sourcecode.swift; path = LoginScreen.swift; sourceTree = "<group>"; };
		399E8EF20EDB2325B770DABB /* SignUpScreen.swift */ = {isa = PBXFileReference; lastKnownFileType = sourcecode.swift; path = SignUpScreen.swift; sourceTree = "<group>"; };
		439D8E71250128A00D98482A /* OrganizationScreen.swift */ = {isa = PBXFileReference; lastKnownFileType = sourcecode.swift; path = OrganizationScreen.swift; sourceTree = "<group>"; };
		4548B3A3883EDE9A363813D4 /* HomeScreen.swift */ = {isa = PBXFileReference; lastKnownFileType = sourcecode.swift; path = HomeScreen.swift; sourceTree = "<group>"; };
		4DC5FD3187CC4740194668CC /* Info.plist */ = {isa = PBXFileReference; lastKnownFileType = text.plist; path = Info.plist; sourceTree = "<group>"; };
		524666B4ACC20C5D53E09572 /* .swiftlint.yml */ = {isa = PBXFileReference; lastKnownFileType = text.yaml; path = .swiftlint.yml; sourceTree = "<group>"; };
		647E97777F216FE4388A49B6 /* AuthViewModel.swift */ = {isa = PBXFileReference; lastKnownFileType = sourcecode.swift; path = AuthViewModel.swift; sourceTree = "<group>"; };
		652732CF594935526D307940 /* AuthProtocol.swift */ = {isa = PBXFileReference; lastKnownFileType = sourcecode.swift; path = AuthProtocol.swift; sourceTree = "<group>"; };
		6DCA26E1FF477CB97714D019 /* UserInfo.swift */ = {isa = PBXFileReference; lastKnownFileType = sourcecode.swift; path = UserInfo.swift; sourceTree = "<group>"; };
		6F3E2F14C2A2BE154A9F5AED /* joppy2.app */ = {isa = PBXFileReference; explicitFileType = wrapper.application; includeInIndex = 0; path = joppy2.app; sourceTree = BUILT_PRODUCTS_DIR; };
		7307E4A8F165A20AEB8C645E /* LoginController.swift */ = {isa = PBXFileReference; lastKnownFileType = sourcecode.swift; path = LoginController.swift; sourceTree = "<group>"; };
		83BD4BB6DDBA81C0F201698F /* joppy2Tests.xctest */ = {isa = PBXFileReference; includeInIndex = 0; lastKnownFileType = wrapper.cfbundle; path = joppy2Tests.xctest; sourceTree = BUILT_PRODUCTS_DIR; };
		83EB9588D0FB978C7F325432 /* UseCouponScreen.swift */ = {isa = PBXFileReference; lastKnownFileType = sourcecode.swift; path = UseCouponScreen.swift; sourceTree = "<group>"; };
		8D468CCE09E707764766DDFB /* Preview Assets.xcassets */ = {isa = PBXFileReference; lastKnownFileType = folder.assetcatalog; path = "Preview Assets.xcassets"; sourceTree = "<group>"; };
		A23BADF6082DDBB13D2415D8 /* project.yml */ = {isa = PBXFileReference; lastKnownFileType = text.yaml; path = project.yml; sourceTree = "<group>"; };
		A66C3352454BF9129A24DE6F /* Assets.xcassets */ = {isa = PBXFileReference; lastKnownFileType = folder.assetcatalog; path = Assets.xcassets; sourceTree = "<group>"; };
		B0E4FE3D92DB1416683BD895 /* joppy2UITests.swift */ = {isa = PBXFileReference; lastKnownFileType = sourcecode.swift; path = joppy2UITests.swift; sourceTree = "<group>"; };
		B4A4282D323C976CE707E60E /* ProfileScreen.swift */ = {isa = PBXFileReference; lastKnownFileType = sourcecode.swift; path = ProfileScreen.swift; sourceTree = "<group>"; };
		C9C50136A3CB12261ED16664 /* CustomButton.swift */ = {isa = PBXFileReference; lastKnownFileType = sourcecode.swift; path = CustomButton.swift; sourceTree = "<group>"; };
		CAEA2AB08978154149F812CF /* Coupon.swift */ = {isa = PBXFileReference; lastKnownFileType = sourcecode.swift; path = Coupon.swift; sourceTree = "<group>"; };
		D9EC88FA42DEB6D981551F9E /* Publisher.swift */ = {isa = PBXFileReference; lastKnownFileType = sourcecode.swift; path = Publisher.swift; sourceTree = "<group>"; };
		DFBD645422CF03ACF310A9EF /* WriteArticleScreen.swift */ = {isa = PBXFileReference; lastKnownFileType = sourcecode.swift; path = WriteArticleScreen.swift; sourceTree = "<group>"; };
		EA26A45379FD7B14E3687E52 /* EventScreen.swift */ = {isa = PBXFileReference; lastKnownFileType = sourcecode.swift; path = EventScreen.swift; sourceTree = "<group>"; };
		EBB0617A09FD75853EEC79BC /* PersonalScreen.swift */ = {isa = PBXFileReference; lastKnownFileType = sourcecode.swift; path = PersonalScreen.swift; sourceTree = "<group>"; };
		EF45648FFB0F931E32CD7823 /* joppy2Tests.swift */ = {isa = PBXFileReference; lastKnownFileType = sourcecode.swift; path = joppy2Tests.swift; sourceTree = "<group>"; };
		F24B9B6DBF2B0C2C96F6B52A /* GoogleService-Info.plist */ = {isa = PBXFileReference; lastKnownFileType = text.plist; path = "GoogleService-Info.plist"; sourceTree = "<group>"; };
		F6F740CF781C5B10D626ACC8 /* joppy2UITestsLaunchTests.swift */ = {isa = PBXFileReference; lastKnownFileType = sourcecode.swift; path = joppy2UITestsLaunchTests.swift; sourceTree = "<group>"; };
		FC7A836F8A2506FD57EC098A /* Haptics.swift */ = {isa = PBXFileReference; lastKnownFileType = sourcecode.swift; path = Haptics.swift; sourceTree = "<group>"; };
		FF66A3C12BA6C3B800A4D12C /* ProfileEditScreen.swift */ = {isa = PBXFileReference; lastKnownFileType = sourcecode.swift; path = ProfileEditScreen.swift; sourceTree = "<group>"; };
		FF66A3C32BA6C62600A4D12C /* SendCoupon.swift */ = {isa = PBXFileReference; lastKnownFileType = sourcecode.swift; path = SendCoupon.swift; sourceTree = "<group>"; };
		FF66A3C52BA7157800A4D12C /* CouponController.swift */ = {isa = PBXFileReference; lastKnownFileType = sourcecode.swift; path = CouponController.swift; sourceTree = "<group>"; };
		FF66A3C72BA7298100A4D12C /* Article.swift */ = {isa = PBXFileReference; lastKnownFileType = sourcecode.swift; path = Article.swift; sourceTree = "<group>"; };
/* End PBXFileReference section */

/* Begin PBXFrameworksBuildPhase section */
		430DAECCE3E4CDA09662160E /* Frameworks */ = {
			isa = PBXFrameworksBuildPhase;
			buildActionMask = 2147483647;
			files = (
				7C2787BA96F21E7D5CCA2471 /* FirebaseAuth in Frameworks */,
				5C203FB587DE12E6D5356C0E /* FirebaseFirestore in Frameworks */,
				24AB3568A9C6163B3A1BC204 /* FirebaseStorage in Frameworks */,
				3B030CE72D9FB8DBE2D564DF /* FirebaseFirestoreSwift in Frameworks */,
			);
			runOnlyForDeploymentPostprocessing = 0;
		};
/* End PBXFrameworksBuildPhase section */

/* Begin PBXGroup section */
		07CDF7EE61141908790C2F74 /* joppy2Tests */ = {
			isa = PBXGroup;
			children = (
				EF45648FFB0F931E32CD7823 /* joppy2Tests.swift */,
			);
			path = joppy2Tests;
			sourceTree = "<group>";
		};
		226550AE3EC3A33FC2C8E39B /* Component */ = {
			isa = PBXGroup;
			children = (
				C9C50136A3CB12261ED16664 /* CustomButton.swift */,
			);
			path = Component;
			sourceTree = "<group>";
		};
		34AED1E4E3C546200089CB96 /* Model */ = {
			isa = PBXGroup;
			children = (
				CAEA2AB08978154149F812CF /* Coupon.swift */,
				D9EC88FA42DEB6D981551F9E /* Publisher.swift */,
				6DCA26E1FF477CB97714D019 /* UserInfo.swift */,
				FF66A3C72BA7298100A4D12C /* Article.swift */,
			);
			path = Model;
			sourceTree = "<group>";
		};
		602E2C8F6AED79F25A396265 /* WriteArticle */ = {
			isa = PBXGroup;
			children = (
				DFBD645422CF03ACF310A9EF /* WriteArticleScreen.swift */,
			);
			path = WriteArticle;
			sourceTree = "<group>";
		};
		859B16BE93ABE4555F16DA72 /* ViewModel */ = {
			isa = PBXGroup;
			children = (
				647E97777F216FE4388A49B6 /* AuthViewModel.swift */,
			);
			path = ViewModel;
			sourceTree = "<group>";
		};
		8BFB6CD90A430A3333D3B2F7 /* UseCoupon */ = {
			isa = PBXGroup;
			children = (
				83EB9588D0FB978C7F325432 /* UseCouponScreen.swift */,
				FF66A3C32BA6C62600A4D12C /* SendCoupon.swift */,
				FF66A3C52BA7157800A4D12C /* CouponController.swift */,
			);
			path = UseCoupon;
			sourceTree = "<group>";
		};
		90B574265DDFE8C683BF6B4A /* Home */ = {
			isa = PBXGroup;
			children = (
				4548B3A3883EDE9A363813D4 /* HomeScreen.swift */,
			);
			path = Home;
			sourceTree = "<group>";
		};
		95EF6EE9AE45D5F47448C0AA /* Preview Content */ = {
			isa = PBXGroup;
			children = (
				8D468CCE09E707764766DDFB /* Preview Assets.xcassets */,
			);
			path = "Preview Content";
			sourceTree = "<group>";
		};
		982193154CE9C6AC5D50D33A = {
			isa = PBXGroup;
			children = (
				1EB53A09C674DCC1A82309B1 /* .gitignore */,
				10FF7D202A42A33200331063 /* .swift-version */,
				524666B4ACC20C5D53E09572 /* .swiftlint.yml */,
				A23BADF6082DDBB13D2415D8 /* project.yml */,
				E9AE66EAE885C1C30C4C9CB8 /* joppy2 */,
				07CDF7EE61141908790C2F74 /* joppy2Tests */,
				9EE992319AA6622A042728BA /* joppy2UITests */,
				A136889EA9FBD62DF776BABA /* Products */,
			);
			sourceTree = "<group>";
		};
		9EE992319AA6622A042728BA /* joppy2UITests */ = {
			isa = PBXGroup;
			children = (
				B0E4FE3D92DB1416683BD895 /* joppy2UITests.swift */,
				F6F740CF781C5B10D626ACC8 /* joppy2UITestsLaunchTests.swift */,
			);
			path = joppy2UITests;
			sourceTree = "<group>";
		};
		A12D98290C5C2A18006AC1CF /* Profile */ = {
			isa = PBXGroup;
			children = (
				439D8E71250128A00D98482A /* OrganizationScreen.swift */,
				EBB0617A09FD75853EEC79BC /* PersonalScreen.swift */,
				0CA9C11B57329EAFCE726660 /* ProfileController.swift */,
				163C005F06A48579DD40D872 /* ProfileCreateScreen.swift */,
				B4A4282D323C976CE707E60E /* ProfileScreen.swift */,
				FF66A3C12BA6C3B800A4D12C /* ProfileEditScreen.swift */,
			);
			path = Profile;
			sourceTree = "<group>";
		};
		A136889EA9FBD62DF776BABA /* Products */ = {
			isa = PBXGroup;
			children = (
				6F3E2F14C2A2BE154A9F5AED /* joppy2.app */,
				83BD4BB6DDBA81C0F201698F /* joppy2Tests.xctest */,
				35AF7A000DBFD121CB9569A7 /* joppy2UITests.xctest */,
			);
			name = Products;
			sourceTree = "<group>";
		};
		B7F373405BD13CBF7C81166D /* Presentation */ = {
			isa = PBXGroup;
			children = (
				226550AE3EC3A33FC2C8E39B /* Component */,
				FF5AA3B56CC487D64506E2F2 /* Event */,
				90B574265DDFE8C683BF6B4A /* Home */,
				E5E2BD66694E901A72DDA3CB /* Login */,
				BBF04B947524DDF787E8BE72 /* Modifire */,
				A12D98290C5C2A18006AC1CF /* Profile */,
				B85E630691845F3BD75BE898 /* SignUp */,
				8BFB6CD90A430A3333D3B2F7 /* UseCoupon */,
				602E2C8F6AED79F25A396265 /* WriteArticle */,
			);
			path = Presentation;
			sourceTree = "<group>";
		};
		B85E630691845F3BD75BE898 /* SignUp */ = {
			isa = PBXGroup;
			children = (
				0281EB51DB7C3D9DBCC95751 /* SignUpController.swift */,
				399E8EF20EDB2325B770DABB /* SignUpScreen.swift */,
			);
			path = SignUp;
			sourceTree = "<group>";
		};
		BBF04B947524DDF787E8BE72 /* Modifire */ = {
			isa = PBXGroup;
			children = (
				FC7A836F8A2506FD57EC098A /* Haptics.swift */,
			);
			path = Modifire;
			sourceTree = "<group>";
		};
		CAFE1BE47D858117B2E0D698 /* Protocol */ = {
			isa = PBXGroup;
			children = (
				652732CF594935526D307940 /* AuthProtocol.swift */,
			);
			path = Protocol;
			sourceTree = "<group>";
		};
		E5E2BD66694E901A72DDA3CB /* Login */ = {
			isa = PBXGroup;
			children = (
				7307E4A8F165A20AEB8C645E /* LoginController.swift */,
				382F94E4DFC114C37CEC7EC1 /* LoginScreen.swift */,
			);
			path = Login;
			sourceTree = "<group>";
		};
		E9AE66EAE885C1C30C4C9CB8 /* joppy2 */ = {
			isa = PBXGroup;
			children = (
				A66C3352454BF9129A24DE6F /* Assets.xcassets */,
				F24B9B6DBF2B0C2C96F6B52A /* GoogleService-Info.plist */,
				4DC5FD3187CC4740194668CC /* Info.plist */,
				28B8B5867A53C634BF8598ED /* joppy2App.swift */,
				34AED1E4E3C546200089CB96 /* Model */,
				B7F373405BD13CBF7C81166D /* Presentation */,
				95EF6EE9AE45D5F47448C0AA /* Preview Content */,
				CAFE1BE47D858117B2E0D698 /* Protocol */,
				859B16BE93ABE4555F16DA72 /* ViewModel */,
			);
			path = joppy2;
			sourceTree = "<group>";
		};
		FF5AA3B56CC487D64506E2F2 /* Event */ = {
			isa = PBXGroup;
			children = (
				EA26A45379FD7B14E3687E52 /* EventScreen.swift */,
			);
			path = Event;
			sourceTree = "<group>";
		};
/* End PBXGroup section */

/* Begin PBXNativeTarget section */
		520B19E90182239B6BB036C6 /* joppy2UITests */ = {
			isa = PBXNativeTarget;
			buildConfigurationList = E90E5403735105F71C41FA75 /* Build configuration list for PBXNativeTarget "joppy2UITests" */;
			buildPhases = (
				610E4739A21C0AE53E4C25AC /* Sources */,
			);
			buildRules = (
			);
			dependencies = (
				E57068DEAE917332EAB49B7A /* PBXTargetDependency */,
			);
			name = joppy2UITests;
			productName = joppy2UITests;
			productReference = 35AF7A000DBFD121CB9569A7 /* joppy2UITests.xctest */;
			productType = "com.apple.product-type.bundle.ui-testing";
		};
		825C71BF811C5060C112B128 /* joppy2 */ = {
			isa = PBXNativeTarget;
			buildConfigurationList = 13F1F4FC735D131B356CA3E9 /* Build configuration list for PBXNativeTarget "joppy2" */;
			buildPhases = (
				0DF5D0A4DA4A667E6B6D1AB5 /* Sources */,
				8F802AB120D5E1365B243241 /* Resources */,
				430DAECCE3E4CDA09662160E /* Frameworks */,
				FF66A3C02BA60A7600A4D12C /* ShellScript */,
			);
			buildRules = (
			);
			dependencies = (
			);
			name = joppy2;
			packageProductDependencies = (
				AAEB10DD03C053F62DDB30DF /* FirebaseAuth */,
				9E59B9877D92651C24A16523 /* FirebaseFirestore */,
				A7AFA7CA21A9F5125F9C2A3F /* FirebaseStorage */,
				4177A471124CCEC7F92E3A28 /* FirebaseFirestoreSwift */,
			);
			productName = joppy2;
			productReference = 6F3E2F14C2A2BE154A9F5AED /* joppy2.app */;
			productType = "com.apple.product-type.application";
		};
		F6323F47AA534146308F9A01 /* joppy2Tests */ = {
			isa = PBXNativeTarget;
			buildConfigurationList = 6AFF43DA112BEB1F573B98B1 /* Build configuration list for PBXNativeTarget "joppy2Tests" */;
			buildPhases = (
				8B9B2BC60A0C2E3D5A784B55 /* Sources */,
			);
			buildRules = (
			);
			dependencies = (
			);
			name = joppy2Tests;
			productName = joppy2Tests;
			productReference = 83BD4BB6DDBA81C0F201698F /* joppy2Tests.xctest */;
			productType = "com.apple.product-type.bundle.unit-test";
		};
/* End PBXNativeTarget section */

/* Begin PBXProject section */
		40C95BFDDF6B73E4C6B407FB /* Project object */ = {
			isa = PBXProject;
			attributes = {
				BuildIndependentTargetsInParallel = YES;
				LastUpgradeCheck = 1430;
				TargetAttributes = {
					520B19E90182239B6BB036C6 = {
						TestTargetID = 825C71BF811C5060C112B128;
					};
				};
			};
			buildConfigurationList = F1A35EF6BD588F89191BD774 /* Build configuration list for PBXProject "joppy2" */;
			compatibilityVersion = "Xcode 14.0";
			developmentRegion = ja;
			hasScannedForEncodings = 0;
			knownRegions = (
				Base,
				ja,
			);
			mainGroup = 982193154CE9C6AC5D50D33A;
			packageReferences = (
				C653358EABBE80F70AA1BF54 /* XCRemoteSwiftPackageReference "firebase-ios-sdk" */,
			);
			projectDirPath = "";
			projectRoot = "";
			targets = (
				825C71BF811C5060C112B128 /* joppy2 */,
				F6323F47AA534146308F9A01 /* joppy2Tests */,
				520B19E90182239B6BB036C6 /* joppy2UITests */,
			);
		};
/* End PBXProject section */

/* Begin PBXResourcesBuildPhase section */
		8F802AB120D5E1365B243241 /* Resources */ = {
			isa = PBXResourcesBuildPhase;
			buildActionMask = 2147483647;
			files = (
				EC602ED3533F0E8C63A1613E /* .swiftlint.yml in Resources */,
				30D8B8FD35017DCB36F4E710 /* Assets.xcassets in Resources */,
				2FD18C6036B270A1FCE68559 /* GoogleService-Info.plist in Resources */,
				5E3C65108641E47521F871B3 /* Preview Assets.xcassets in Resources */,
				AB9C1B827B2422AEE93CC4CC /* project.yml in Resources */,
			);
			runOnlyForDeploymentPostprocessing = 0;
		};
/* End PBXResourcesBuildPhase section */

/* Begin PBXShellScriptBuildPhase section */
		FF66A3C02BA60A7600A4D12C /* ShellScript */ = {
			isa = PBXShellScriptBuildPhase;
			buildActionMask = 2147483647;
			files = (
			);
			inputFileListPaths = (
			);
			inputPaths = (
			);
			outputFileListPaths = (
			);
			outputPaths = (
			);
			runOnlyForDeploymentPostprocessing = 0;
			shellPath = /bin/sh;
			shellScript = "# Type a script or drag a script file from your workspace to insert its path.\nexport PATH=\"$PATH:/opt/homebrew/bin\"\n\nif which swiftlint > /dev/null; then\n  swiftlint\n  swiftlint autocorrect\nelse\n  echo \"warning: SwiftLint not installed, download from https://github.com/realm/SwiftLint\"\nfi\n";
		};
/* End PBXShellScriptBuildPhase section */

/* Begin PBXSourcesBuildPhase section */
		0DF5D0A4DA4A667E6B6D1AB5 /* Sources */ = {
			isa = PBXSourcesBuildPhase;
			buildActionMask = 2147483647;
			files = (
				2453A5F6AA220EF079D016A4 /* AuthProtocol.swift in Sources */,
				FF66A3C62BA7157800A4D12C /* CouponController.swift in Sources */,
				831C22DAA9872F3F56328229 /* AuthViewModel.swift in Sources */,
				4C8104FE47B39C9B2A3E61D4 /* Coupon.swift in Sources */,
				EB711D41776EEA2A0A3A3B7F /* CustomButton.swift in Sources */,
				DEF44B7CCEF1A4BDB1E635DB /* EventScreen.swift in Sources */,
				657A7590294114D7EA57F221 /* Haptics.swift in Sources */,
				9074F3A6D2AFAA3B8D0484AC /* HomeScreen.swift in Sources */,
				6722BAEAE5C259EDEF25A1FB /* LoginController.swift in Sources */,
				94A62526A60F5EE426ECA24D /* LoginScreen.swift in Sources */,
				593BEBFB0EBBF0C01AD64030 /* OrganizationScreen.swift in Sources */,
				F3877D00161947B128007750 /* PersonalScreen.swift in Sources */,
				8FAED91D0946135B4E760193 /* ProfileController.swift in Sources */,
				ED5C81022B4B497AB47A0EED /* ProfileCreateScreen.swift in Sources */,
				FF66A3C22BA6C3B800A4D12C /* ProfileEditScreen.swift in Sources */,
				24C8A27A9C3B7614E84859BB /* ProfileScreen.swift in Sources */,
				0B19546A334EA74545720688 /* Publisher.swift in Sources */,
				E19F954570A20F4F2995C371 /* SignUpController.swift in Sources */,
				9A4131CC364546E903618FF1 /* SignUpScreen.swift in Sources */,
				FF66A3C82BA7298100A4D12C /* Article.swift in Sources */,
				5C862D9D8226E30E9809F25C /* UseCouponScreen.swift in Sources */,
				E5F0A8B776B9A8567AC89B6B /* UserInfo.swift in Sources */,
				027438863A460154E4E119A3 /* WriteArticleScreen.swift in Sources */,
				B969A0FCF7EFDC4F8BB6256C /* joppy2App.swift in Sources */,
				FF66A3C42BA6C62600A4D12C /* SendCoupon.swift in Sources */,
			);
			runOnlyForDeploymentPostprocessing = 0;
		};
		610E4739A21C0AE53E4C25AC /* Sources */ = {
			isa = PBXSourcesBuildPhase;
			buildActionMask = 2147483647;
			files = (
				6202697D08F23CCDCB38755B /* joppy2UITests.swift in Sources */,
				FC3D961B01C3CF2D20F51AB4 /* joppy2UITestsLaunchTests.swift in Sources */,
			);
			runOnlyForDeploymentPostprocessing = 0;
		};
		8B9B2BC60A0C2E3D5A784B55 /* Sources */ = {
			isa = PBXSourcesBuildPhase;
			buildActionMask = 2147483647;
			files = (
				08FA9CCEC9D33C670C228105 /* joppy2Tests.swift in Sources */,
			);
			runOnlyForDeploymentPostprocessing = 0;
		};
/* End PBXSourcesBuildPhase section */

/* Begin PBXTargetDependency section */
		E57068DEAE917332EAB49B7A /* PBXTargetDependency */ = {
			isa = PBXTargetDependency;
			target = 825C71BF811C5060C112B128 /* joppy2 */;
			targetProxy = 95EE63B1D2C0F43FA6C1923F /* PBXContainerItemProxy */;
		};
/* End PBXTargetDependency section */

/* Begin XCBuildConfiguration section */
		7FF69EBCD886B8640E61E299 /* Release */ = {
			isa = XCBuildConfiguration;
			buildSettings = {
				ALWAYS_SEARCH_USER_PATHS = NO;
				CLANG_ANALYZER_NONNULL = YES;
				CLANG_ANALYZER_NUMBER_OBJECT_CONVERSION = YES_AGGRESSIVE;
				CLANG_CXX_LANGUAGE_STANDARD = "gnu++14";
				CLANG_CXX_LIBRARY = "libc++";
				CLANG_ENABLE_MODULES = YES;
				CLANG_ENABLE_OBJC_ARC = YES;
				CLANG_ENABLE_OBJC_WEAK = YES;
				CLANG_WARN_BLOCK_CAPTURE_AUTORELEASING = YES;
				CLANG_WARN_BOOL_CONVERSION = YES;
				CLANG_WARN_COMMA = YES;
				CLANG_WARN_CONSTANT_CONVERSION = YES;
				CLANG_WARN_DEPRECATED_OBJC_IMPLEMENTATIONS = YES;
				CLANG_WARN_DIRECT_OBJC_ISA_USAGE = YES_ERROR;
				CLANG_WARN_DOCUMENTATION_COMMENTS = YES;
				CLANG_WARN_EMPTY_BODY = YES;
				CLANG_WARN_ENUM_CONVERSION = YES;
				CLANG_WARN_INFINITE_RECURSION = YES;
				CLANG_WARN_INT_CONVERSION = YES;
				CLANG_WARN_NON_LITERAL_NULL_CONVERSION = YES;
				CLANG_WARN_OBJC_IMPLICIT_RETAIN_SELF = YES;
				CLANG_WARN_OBJC_LITERAL_CONVERSION = YES;
				CLANG_WARN_OBJC_ROOT_CLASS = YES_ERROR;
				CLANG_WARN_QUOTED_INCLUDE_IN_FRAMEWORK_HEADER = YES;
				CLANG_WARN_RANGE_LOOP_ANALYSIS = YES;
				CLANG_WARN_STRICT_PROTOTYPES = YES;
				CLANG_WARN_SUSPICIOUS_MOVE = YES;
				CLANG_WARN_UNGUARDED_AVAILABILITY = YES_AGGRESSIVE;
				CLANG_WARN_UNREACHABLE_CODE = YES;
				CLANG_WARN__DUPLICATE_METHOD_MATCH = YES;
				COPY_PHASE_STRIP = NO;
				DEBUG_INFORMATION_FORMAT = "dwarf-with-dsym";
				ENABLE_NS_ASSERTIONS = NO;
				ENABLE_STRICT_OBJC_MSGSEND = YES;
				GCC_C_LANGUAGE_STANDARD = gnu11;
				GCC_NO_COMMON_BLOCKS = YES;
				GCC_WARN_64_TO_32_BIT_CONVERSION = YES;
				GCC_WARN_ABOUT_RETURN_TYPE = YES_ERROR;
				GCC_WARN_UNDECLARED_SELECTOR = YES;
				GCC_WARN_UNINITIALIZED_AUTOS = YES_AGGRESSIVE;
				GCC_WARN_UNUSED_FUNCTION = YES;
				GCC_WARN_UNUSED_VARIABLE = YES;
				MTL_ENABLE_DEBUG_INFO = NO;
				MTL_FAST_MATH = YES;
				PRODUCT_NAME = "$(TARGET_NAME)";
				SDKROOT = iphoneos;
				SWIFT_COMPILATION_MODE = wholemodule;
				SWIFT_OPTIMIZATION_LEVEL = "-O";
				SWIFT_VERSION = 5.0;
			};
			name = Release;
		};
		9A3508CDDD4EE714E792EB0E /* Debug */ = {
			isa = XCBuildConfiguration;
			buildSettings = {
				BUNDLE_LOADER = "$(TEST_HOST)";
				INFOPLIST_FILE = joppy2UITests/Info.plist;
				LD_RUNPATH_SEARCH_PATHS = (
					"$(inherited)",
					"@executable_path/Frameworks",
					"@loader_path/Frameworks",
				);
				PRODUCT_BUNDLE_IDENTIFIER = joppy2.joppy2UITests;
				SDKROOT = iphoneos;
				TARGETED_DEVICE_FAMILY = "1,2";
				TEST_TARGET_NAME = joppy2;
			};
			name = Debug;
		};
		AD694FDD3A5A7AB74E98B5E8 /* Release */ = {
			isa = XCBuildConfiguration;
			buildSettings = {
				ASSETCATALOG_COMPILER_APPICON_NAME = AppIcon;
				CODE_SIGN_IDENTITY = "iPhone Developer";
				CURRENT_PROJECT_VERSION = 1;
				DEVELOPMENT_TEAM = 37BC8RS2XN;
				INFOPLIST_FILE = joppy2/Info.plist;
				IPHONEOS_DEPLOYMENT_TARGET = 16.0;
				LD_RUNPATH_SEARCH_PATHS = (
					"$(inherited)",
					"@executable_path/Frameworks",
				);
				MARKETING_VERSION = 1.0.0;
				OTHER_LDFLAGS = (
					"$(inherited)",
					"-ObjC",
					"-all_load",
				);
				PRODUCT_BUNDLE_IDENTIFIER = Chanchrons.joppy2;
				SDKROOT = iphoneos;
				TARGETED_DEVICE_FAMILY = "1,2";
			};
			name = Release;
		};
		C443DEF5E604E93C2764838C /* Debug */ = {
			isa = XCBuildConfiguration;
			buildSettings = {
				ALWAYS_SEARCH_USER_PATHS = NO;
				CLANG_ANALYZER_NONNULL = YES;
				CLANG_ANALYZER_NUMBER_OBJECT_CONVERSION = YES_AGGRESSIVE;
				CLANG_CXX_LANGUAGE_STANDARD = "gnu++14";
				CLANG_CXX_LIBRARY = "libc++";
				CLANG_ENABLE_MODULES = YES;
				CLANG_ENABLE_OBJC_ARC = YES;
				CLANG_ENABLE_OBJC_WEAK = YES;
				CLANG_WARN_BLOCK_CAPTURE_AUTORELEASING = YES;
				CLANG_WARN_BOOL_CONVERSION = YES;
				CLANG_WARN_COMMA = YES;
				CLANG_WARN_CONSTANT_CONVERSION = YES;
				CLANG_WARN_DEPRECATED_OBJC_IMPLEMENTATIONS = YES;
				CLANG_WARN_DIRECT_OBJC_ISA_USAGE = YES_ERROR;
				CLANG_WARN_DOCUMENTATION_COMMENTS = YES;
				CLANG_WARN_EMPTY_BODY = YES;
				CLANG_WARN_ENUM_CONVERSION = YES;
				CLANG_WARN_INFINITE_RECURSION = YES;
				CLANG_WARN_INT_CONVERSION = YES;
				CLANG_WARN_NON_LITERAL_NULL_CONVERSION = YES;
				CLANG_WARN_OBJC_IMPLICIT_RETAIN_SELF = YES;
				CLANG_WARN_OBJC_LITERAL_CONVERSION = YES;
				CLANG_WARN_OBJC_ROOT_CLASS = YES_ERROR;
				CLANG_WARN_QUOTED_INCLUDE_IN_FRAMEWORK_HEADER = YES;
				CLANG_WARN_RANGE_LOOP_ANALYSIS = YES;
				CLANG_WARN_STRICT_PROTOTYPES = YES;
				CLANG_WARN_SUSPICIOUS_MOVE = YES;
				CLANG_WARN_UNGUARDED_AVAILABILITY = YES_AGGRESSIVE;
				CLANG_WARN_UNREACHABLE_CODE = YES;
				CLANG_WARN__DUPLICATE_METHOD_MATCH = YES;
				COPY_PHASE_STRIP = NO;
				DEBUG_INFORMATION_FORMAT = dwarf;
				ENABLE_STRICT_OBJC_MSGSEND = YES;
				ENABLE_TESTABILITY = YES;
				GCC_C_LANGUAGE_STANDARD = gnu11;
				GCC_DYNAMIC_NO_PIC = NO;
				GCC_NO_COMMON_BLOCKS = YES;
				GCC_OPTIMIZATION_LEVEL = 0;
				GCC_PREPROCESSOR_DEFINITIONS = (
					"$(inherited)",
					"DEBUG=1",
				);
				GCC_WARN_64_TO_32_BIT_CONVERSION = YES;
				GCC_WARN_ABOUT_RETURN_TYPE = YES_ERROR;
				GCC_WARN_UNDECLARED_SELECTOR = YES;
				GCC_WARN_UNINITIALIZED_AUTOS = YES_AGGRESSIVE;
				GCC_WARN_UNUSED_FUNCTION = YES;
				GCC_WARN_UNUSED_VARIABLE = YES;
				MTL_ENABLE_DEBUG_INFO = INCLUDE_SOURCE;
				MTL_FAST_MATH = YES;
				ONLY_ACTIVE_ARCH = YES;
				PRODUCT_NAME = "$(TARGET_NAME)";
				SDKROOT = iphoneos;
				SWIFT_ACTIVE_COMPILATION_CONDITIONS = DEBUG;
				SWIFT_OPTIMIZATION_LEVEL = "-Onone";
				SWIFT_VERSION = 5.0;
			};
			name = Debug;
		};
		D07B547E7CD0432A15DBC4D1 /* Debug */ = {
			isa = XCBuildConfiguration;
			buildSettings = {
				BUNDLE_LOADER = "$(TEST_HOST)";
				INFO_PLIST_FILE = joppy2Tests/Info.plist;
				LD_RUNPATH_SEARCH_PATHS = (
					"$(inherited)",
					"@executable_path/Frameworks",
					"@loader_path/Frameworks",
				);
				PRODUCT_BUNDLE_IDENTIFIER = joppy2.joppy2Tests;
				SDKROOT = iphoneos;
				TARGETED_DEVICE_FAMILY = "1,2";
			};
			name = Debug;
		};
		DA82D199338D8EB5A8E70684 /* Release */ = {
			isa = XCBuildConfiguration;
			buildSettings = {
				BUNDLE_LOADER = "$(TEST_HOST)";
				INFO_PLIST_FILE = joppy2Tests/Info.plist;
				LD_RUNPATH_SEARCH_PATHS = (
					"$(inherited)",
					"@executable_path/Frameworks",
					"@loader_path/Frameworks",
				);
				PRODUCT_BUNDLE_IDENTIFIER = joppy2.joppy2Tests;
				SDKROOT = iphoneos;
				TARGETED_DEVICE_FAMILY = "1,2";
			};
			name = Release;
		};
		EEC18D2BB4CA2283F6E5A428 /* Debug */ = {
			isa = XCBuildConfiguration;
			buildSettings = {
				ASSETCATALOG_COMPILER_APPICON_NAME = AppIcon;
				CODE_SIGN_IDENTITY = "iPhone Developer";
				CURRENT_PROJECT_VERSION = 1;
				DEVELOPMENT_TEAM = 37BC8RS2XN;
				INFOPLIST_FILE = joppy2/Info.plist;
				IPHONEOS_DEPLOYMENT_TARGET = 16.0;
				LD_RUNPATH_SEARCH_PATHS = (
					"$(inherited)",
					"@executable_path/Frameworks",
				);
				MARKETING_VERSION = 1.0.0;
				OTHER_LDFLAGS = (
					"$(inherited)",
					"-ObjC",
					"-all_load",
				);
				PRODUCT_BUNDLE_IDENTIFIER = Chanchrons.joppy2;
				SDKROOT = iphoneos;
				TARGETED_DEVICE_FAMILY = "1,2";
			};
			name = Debug;
		};
		F6FF72191B94AED3F86DAD42 /* Release */ = {
			isa = XCBuildConfiguration;
			buildSettings = {
				BUNDLE_LOADER = "$(TEST_HOST)";
				INFOPLIST_FILE = joppy2UITests/Info.plist;
				LD_RUNPATH_SEARCH_PATHS = (
					"$(inherited)",
					"@executable_path/Frameworks",
					"@loader_path/Frameworks",
				);
				PRODUCT_BUNDLE_IDENTIFIER = joppy2.joppy2UITests;
				SDKROOT = iphoneos;
				TARGETED_DEVICE_FAMILY = "1,2";
				TEST_TARGET_NAME = joppy2;
			};
			name = Release;
		};
/* End XCBuildConfiguration section */

/* Begin XCConfigurationList section */
		13F1F4FC735D131B356CA3E9 /* Build configuration list for PBXNativeTarget "joppy2" */ = {
			isa = XCConfigurationList;
			buildConfigurations = (
				EEC18D2BB4CA2283F6E5A428 /* Debug */,
				AD694FDD3A5A7AB74E98B5E8 /* Release */,
			);
			defaultConfigurationIsVisible = 0;
			defaultConfigurationName = Debug;
		};
		6AFF43DA112BEB1F573B98B1 /* Build configuration list for PBXNativeTarget "joppy2Tests" */ = {
			isa = XCConfigurationList;
			buildConfigurations = (
				D07B547E7CD0432A15DBC4D1 /* Debug */,
				DA82D199338D8EB5A8E70684 /* Release */,
			);
			defaultConfigurationIsVisible = 0;
			defaultConfigurationName = Debug;
		};
		E90E5403735105F71C41FA75 /* Build configuration list for PBXNativeTarget "joppy2UITests" */ = {
			isa = XCConfigurationList;
			buildConfigurations = (
				9A3508CDDD4EE714E792EB0E /* Debug */,
				F6FF72191B94AED3F86DAD42 /* Release */,
			);
			defaultConfigurationIsVisible = 0;
			defaultConfigurationName = Debug;
		};
		F1A35EF6BD588F89191BD774 /* Build configuration list for PBXProject "joppy2" */ = {
			isa = XCConfigurationList;
			buildConfigurations = (
				C443DEF5E604E93C2764838C /* Debug */,
				7FF69EBCD886B8640E61E299 /* Release */,
			);
			defaultConfigurationIsVisible = 0;
			defaultConfigurationName = Debug;
		};
/* End XCConfigurationList section */

/* Begin XCRemoteSwiftPackageReference section */
		C653358EABBE80F70AA1BF54 /* XCRemoteSwiftPackageReference "firebase-ios-sdk" */ = {
			isa = XCRemoteSwiftPackageReference;
			repositoryURL = "https://github.com/firebase/firebase-ios-sdk";
			requirement = {
				kind = upToNextMajorVersion;
				minimumVersion = 10.21.0;
			};
		};
/* End XCRemoteSwiftPackageReference section */

/* Begin XCSwiftPackageProductDependency section */
		4177A471124CCEC7F92E3A28 /* FirebaseFirestoreSwift */ = {
			isa = XCSwiftPackageProductDependency;
			package = C653358EABBE80F70AA1BF54 /* XCRemoteSwiftPackageReference "firebase-ios-sdk" */;
			productName = FirebaseFirestoreSwift;
		};
		9E59B9877D92651C24A16523 /* FirebaseFirestore */ = {
			isa = XCSwiftPackageProductDependency;
			package = C653358EABBE80F70AA1BF54 /* XCRemoteSwiftPackageReference "firebase-ios-sdk" */;
			productName = FirebaseFirestore;
		};
		A7AFA7CA21A9F5125F9C2A3F /* FirebaseStorage */ = {
			isa = XCSwiftPackageProductDependency;
			package = C653358EABBE80F70AA1BF54 /* XCRemoteSwiftPackageReference "firebase-ios-sdk" */;
			productName = FirebaseStorage;
		};
		AAEB10DD03C053F62DDB30DF /* FirebaseAuth */ = {
			isa = XCSwiftPackageProductDependency;
			package = C653358EABBE80F70AA1BF54 /* XCRemoteSwiftPackageReference "firebase-ios-sdk" */;
			productName = FirebaseAuth;
		};
/* End XCSwiftPackageProductDependency section */
	};
	rootObject = 40C95BFDDF6B73E4C6B407FB /* Project object */;
}
